
Microsoft Visual Studio Solution File, Format Version 12.00
# Visual Studio Version 17
VisualStudioVersion = 17.0.31903.59
MinimumVisualStudioVersion = 10.0.40219.1
Project("{2150E333-8FDC-42A3-9474-1A3956D46DE8}") = "Large Data Set - Server Mode", "Large Data Set - Server Mode", "{02EA681E-C7D8-13C7-8484-4AC65E1B71E8}"
EndProject
Project("{FAE04EC0-301F-11D3-BF4B-00C04F79EFBC}") = "LDSSM.WinForms", "src\LDSSM\WinForms\LDSSM.WinForms.csproj", "{A89BF70D-18FA-4E47-9DE3-53F8E84D3C1D}"
EndProject
Project("{2150E333-8FDC-42A3-9474-1A3956D46DE8}") = "Conditional Filtering - Filter Panel", "Conditional Filtering - Filter Panel", "{0E550E2F-27F1-4F2D-A50E-809DBF3C903E}"
EndProject
Project("{FAE04EC0-301F-11D3-BF4B-00C04F79EFBC}") = "CFFP.WinForms", "src\CFFP\CFFP.WinForms\CFFP.WinForms.csproj", "{4A1135EF-4B6B-45A0-B8C9-9D486F86BD12}"
EndProject
Project("{FAE04EC0-301F-11D3-BF4B-00C04F79EFBC}") = "Common.Repository", "src\Common.Repository\Common.Repository.csproj", "{732707D4-705D-4407-BE25-D5D65CC4E353}"
EndProject
Project("{FAE04EC0-301F-11D3-BF4B-00C04F79EFBC}") = "Common.Contracts", "src\Common.Contracts\Common.Contracts.csproj", "{F3D57754-1750-4FF7-A1BF-3CAB71233A02}"
EndProject
Project("{FAE04EC0-301F-11D3-BF4B-00C04F79EFBC}") = "Common.DbMigrations", "src\Common.DbMigrations\Common.DbMigrations.csproj", "{A44C5D70-5B0E-4BA2-8082-AC837926BC53}"
EndProject
Project("{2150E333-8FDC-42A3-9474-1A3956D46DE8}") = "Semantic Search - Grids Lookups", "Semantic Search - Grids Lookups", "{114D8EFB-AA04-4353-93A2-45FF3608B046}"
EndProject
Project("{FAE04EC0-301F-11D3-BF4B-00C04F79EFBC}") = "SSGL.WinForms", "src\SSGL\SSGL.WinForms\SSGL.WinForms.csproj", "{5667F205-7B4D-477C-AD20-45D8A0DAD5C1}"
EndProject
Project("{FAE04EC0-301F-11D3-BF4B-00C04F79EFBC}") = "SSGL.Repository", "src\SSGL\SSGL.Repository\SSGL.Repository.csproj", "{BBFD2932-52E7-4DE5-99BB-21E485C3D792}"
EndProject
Global
	GlobalSection(SolutionConfigurationPlatforms) = preSolution
		Debug|Any CPU = Debug|Any CPU
		Release|Any CPU = Release|Any CPU
	EndGlobalSection
	GlobalSection(ProjectConfigurationPlatforms) = postSolution
		{A89BF70D-18FA-4E47-9DE3-53F8E84D3C1D}.Debug|Any CPU.ActiveCfg = Debug|Any CPU
		{A89BF70D-18FA-4E47-9DE3-53F8E84D3C1D}.Debug|Any CPU.Build.0 = Debug|Any CPU
		{A89BF70D-18FA-4E47-9DE3-53F8E84D3C1D}.Release|Any CPU.ActiveCfg = Release|Any CPU
		{A89BF70D-18FA-4E47-9DE3-53F8E84D3C1D}.Release|Any CPU.Build.0 = Release|Any CPU
		{4A1135EF-4B6B-45A0-B8C9-9D486F86BD12}.Debug|Any CPU.ActiveCfg = Debug|Any CPU
		{4A1135EF-4B6B-45A0-B8C9-9D486F86BD12}.Debug|Any CPU.Build.0 = Debug|Any CPU
		{4A1135EF-4B6B-45A0-B8C9-9D486F86BD12}.Release|Any CPU.ActiveCfg = Release|Any CPU
		{4A1135EF-4B6B-45A0-B8C9-9D486F86BD12}.Release|Any CPU.Build.0 = Release|Any CPU
		{732707D4-705D-4407-BE25-D5D65CC4E353}.Debug|Any CPU.ActiveCfg = Debug|Any CPU
		{732707D4-705D-4407-BE25-D5D65CC4E353}.Debug|Any CPU.Build.0 = Debug|Any CPU
		{732707D4-705D-4407-BE25-D5D65CC4E353}.Release|Any CPU.ActiveCfg = Release|Any CPU
		{732707D4-705D-4407-BE25-D5D65CC4E353}.Release|Any CPU.Build.0 = Release|Any CPU
		{F3D57754-1750-4FF7-A1BF-3CAB71233A02}.Debug|Any CPU.ActiveCfg = Debug|Any CPU
		{F3D57754-1750-4FF7-A1BF-3CAB71233A02}.Debug|Any CPU.Build.0 = Debug|Any CPU
		{F3D57754-1750-4FF7-A1BF-3CAB71233A02}.Release|Any CPU.ActiveCfg = Release|Any CPU
		{F3D57754-1750-4FF7-A1BF-3CAB71233A02}.Release|Any CPU.Build.0 = Release|Any CPU
		{A44C5D70-5B0E-4BA2-8082-AC837926BC53}.Debug|Any CPU.ActiveCfg = Debug|Any CPU
		{A44C5D70-5B0E-4BA2-8082-AC837926BC53}.Debug|Any CPU.Build.0 = Debug|Any CPU
		{A44C5D70-5B0E-4BA2-8082-AC837926BC53}.Release|Any CPU.ActiveCfg = Release|Any CPU
		{A44C5D70-5B0E-4BA2-8082-AC837926BC53}.Release|Any CPU.Build.0 = Release|Any CPU
		{5667F205-7B4D-477C-AD20-45D8A0DAD5C1}.Debug|Any CPU.ActiveCfg = Debug|Any CPU
		{5667F205-7B4D-477C-AD20-45D8A0DAD5C1}.Debug|Any CPU.Build.0 = Debug|Any CPU
		{5667F205-7B4D-477C-AD20-45D8A0DAD5C1}.Release|Any CPU.ActiveCfg = Release|Any CPU
		{5667F205-7B4D-477C-AD20-45D8A0DAD5C1}.Release|Any CPU.Build.0 = Release|Any CPU
		{BBFD2932-52E7-4DE5-99BB-21E485C3D792}.Debug|Any CPU.ActiveCfg = Debug|Any CPU
		{BBFD2932-52E7-4DE5-99BB-21E485C3D792}.Debug|Any CPU.Build.0 = Debug|Any CPU
		{BBFD2932-52E7-4DE5-99BB-21E485C3D792}.Release|Any CPU.ActiveCfg = Release|Any CPU
		{BBFD2932-52E7-4DE5-99BB-21E485C3D792}.Release|Any CPU.Build.0 = Release|Any CPU
	EndGlobalSection
	GlobalSection(SolutionProperties) = preSolution
		HideSolutionNode = FALSE
	EndGlobalSection
	GlobalSection(NestedProjects) = preSolution
		{A89BF70D-18FA-4E47-9DE3-53F8E84D3C1D} = {02EA681E-C7D8-13C7-8484-4AC65E1B71E8}
		{4A1135EF-4B6B-45A0-B8C9-9D486F86BD12} = {0E550E2F-27F1-4F2D-A50E-809DBF3C903E}
		{5667F205-7B4D-477C-AD20-45D8A0DAD5C1} = {114D8EFB-AA04-4353-93A2-45FF3608B046}
		{BBFD2932-52E7-4DE5-99BB-21E485C3D792} = {114D8EFB-AA04-4353-93A2-45FF3608B046}
	EndGlobalSection
	GlobalSection(ExtensibilityGlobals) = postSolution
		SolutionGuid = {A90437B2-8291-4D4D-A10E-41C0BC349D6D}
	EndGlobalSection
EndGlobal
