
Microsoft Visual Studio Solution File, Format Version 12.00
# Visual Studio Version 17
VisualStudioVersion = 17.0.31903.59
MinimumVisualStudioVersion = 10.0.40219.1
Project("{2150E333-8FDC-42A3-9474-1A3956D46DE8}") = "Large Data Set - Server Mode", "Large Data Set - Server Mode", "{02EA681E-C7D8-13C7-8484-4AC65E1B71E8}"
EndProject
Project("{FAE04EC0-301F-11D3-BF4B-00C04F79EFBC}") = "LDSSM.WinForms", "src\LDSSM\WinForms\LDSSM.WinForms.csproj", "{A89BF70D-18FA-4E47-9DE3-53F8E84D3C1D}"
EndProject
Project("{2150E333-8FDC-42A3-9474-1A3956D46DE8}") = "Conditional Filtering - Filter Panel", "Conditional Filtering - Filter Panel", "{0E550E2F-27F1-4F2D-A50E-809DBF3C903E}"
EndProject
Project("{FAE04EC0-301F-11D3-BF4B-00C04F79EFBC}") = "CFFP.WinForms", "src\CFFP\CFFP.WinForms\CFFP.WinForms.csproj", "{4A1135EF-4B6B-45A0-B8C9-9D486F86BD12}"
EndProject
Project("{FAE04EC0-301F-11D3-BF4B-00C04F79EFBC}") = "Common.Repository", "src\Common.Repository\Common.Repository.csproj", "{732707D4-705D-4407-BE25-D5D65CC4E353}"
EndProject
Project("{FAE04EC0-301F-11D3-BF4B-00C04F79EFBC}") = "Common.Contracts", "src\Common.Contracts\Common.Contracts.csproj", "{F3D57754-1750-4FF7-A1BF-3CAB71233A02}"
EndProject
Project("{FAE04EC0-301F-11D3-BF4B-00C04F79EFBC}") = "Common.DbMigrations", "src\Common.DbMigrations\Common.DbMigrations.csproj", "{A44C5D70-5B0E-4BA2-8082-AC837926BC53}"
EndProject
Project("{2150E333-8FDC-42A3-9474-1A3956D46DE8}") = "Semantic Search - Grids Lookups", "Semantic Search - Grids Lookups", "{114D8EFB-AA04-4353-93A2-45FF3608B046}"
EndProject
Project("{FAE04EC0-301F-11D3-BF4B-00C04F79EFBC}") = "SSGL.WinForms", "src\SSGL\SSGL.WinForms\SSGL.WinForms.csproj", "{5667F205-7B4D-477C-AD20-45D8A0DAD5C1}"
EndProject
Project("{FAE04EC0-301F-11D3-BF4B-00C04F79EFBC}") = "SSGL.Repository", "src\SSGL\SSGL.Repository\SSGL.Repository.csproj", "{BBFD2932-52E7-4DE5-99BB-21E485C3D792}"
EndProject
Project("{2150E333-8FDC-42A3-9474-1A3956D46DE8}") = "Navigation Control Stretch To Title Bar", "Navigation Control Stretch To Title Bar", "{D61BDA21-0DF4-42B4-B647-B11605EAD8C2}"
EndProject
Project("{FAE04EC0-301F-11D3-BF4B-00C04F79EFBC}") = "NCSTTB.WinForms", "src\NCSTTB\NCSTTB.WinForms\NCSTTB.WinForms.csproj", "{18CD8354-55CC-4596-9263-70B520FE64F9}"
EndProject
Project("{2150E333-8FDC-42A3-9474-1A3956D46DE8}") = "24.2", "24.2", "{149001AE-8AD2-49F8-83D8-6793B2482F7E}"
EndProject
Project("{2150E333-8FDC-42A3-9474-1A3956D46DE8}") = "Ribbon", "Ribbon", "{F709B375-2FDB-4CA2-93A5-F589CE1441BA}"
EndProject
Project("{FAE04EC0-301F-11D3-BF4B-00C04F79EFBC}") = "Ribbon.WindowsForms", "src\24.2\Ribbon\Ribbon.WindowsForms\Ribbon.WindowsForms.csproj", "{6DE14CE0-73E9-47A9-8029-0404AB5C3A3A}"
EndProject
Project("{2150E333-8FDC-42A3-9474-1A3956D46DE8}") = "Mnemonic", "Mnemonic", "{82A738CD-ABDA-460F-B36A-F66F3877F601}"
EndProject
Project("{FAE04EC0-301F-11D3-BF4B-00C04F79EFBC}") = "Mnemonic.WinForms", "src\Mnemonic\Mnemonic.WinForms\Mnemonic.WinForms.csproj", "{B2223EA9-26FB-4B3A-84B0-6E3F7D3D4AC1}"
EndProject
Project("{2150E333-8FDC-42A3-9474-1A3956D46DE8}") = "Charts", "Charts", "{08499896-2FA3-48A8-A6B8-0862FE53348F}"
EndProject
Project("{FAE04EC0-301F-11D3-BF4B-00C04F79EFBC}") = "Charts.WinForms", "src\Charts\Charts.WinForms\Charts.WinForms.csproj", "{F614E22B-E476-4E1F-80FF-CA714F61FDBA}"
EndProject
Project("{2150E333-8FDC-42A3-9474-1A3956D46DE8}") = "Templates", "Templates", "{B2D5A5E0-09BA-40BB-9618-6721B6E8D19A}"
EndProject
Project("{FAE04EC0-301F-11D3-BF4B-00C04F79EFBC}") = "Templates.WinForms", "src\Templates\Templates.WinForms\Templates.WinForms.csproj", "{CCC32406-F488-4E3A-9B50-189DE10CF078}"
EndProject
Project("{2150E333-8FDC-42A3-9474-1A3956D46DE8}") = "25.1", "25.1", "{2B3199C5-9279-482B-B6D0-82DC061CFBC9}"
EndProject
Project("{2150E333-8FDC-42A3-9474-1A3956D46DE8}") = "T1293782", "T1293782", "{27799905-D4F4-4C7D-8358-EB382E583C71}"
EndProject
Project("{FAE04EC0-301F-11D3-BF4B-00C04F79EFBC}") = "T1293782.WinForms", "src\25.1\T1293782\T1293782.WinForms\T1293782.WinForms.csproj", "{8AD5A59E-C6F2-4D01-BD08-F83F7467A2F0}"
EndProject
Project("{FAE04EC0-301F-11D3-BF4B-00C04F79EFBC}") = "ConsoleApp1", "src\ConsoleApp1\ConsoleApp1.csproj", "{46F15745-DE7D-43A5-98FA-0AF736DB97BA}"
EndProject
Project("{2150E333-8FDC-42A3-9474-1A3956D46DE8}") = "T1297240", "T1297240", "{EA6E5051-7A62-4DE0-AF90-B16A000A3350}"
EndProject
Project("{FAE04EC0-301F-11D3-BF4B-00C04F79EFBC}") = "T1297240.WinForms", "src\25.1\T1297240\T1297240.WinForms\T1297240.WinForms.csproj", "{82EBA65E-77EB-4A0E-9EDC-5C1D66D3EC2E}"
EndProject
Project("{2150E333-8FDC-42A3-9474-1A3956D46DE8}") = "T1297375", "T1297375", "{5F69666E-3441-46A6-B6C7-C5E271E403AA}"
EndProject
Project("{FAE04EC0-301F-11D3-BF4B-00C04F79EFBC}") = "T1297375.WinForms", "src\25.1\T1297375\T1297375.WinForms\T1297375.WinForms.csproj", "{BE3DE744-8A6E-4502-A199-088CBA6442D9}"
EndProject
Project("{FAE04EC0-301F-11D3-BF4B-00C04F79EFBC}") = "T1297375.WinFormsFW", "src\25.1\T1297375\T1297375.WinFormsFW\T1297375.WinFormsFW.csproj", "{1630DBF8-C8EA-45AD-9F77-8FD029394469}"
EndProject
Project("{2150E333-8FDC-42A3-9474-1A3956D46DE8}") = "T1297375", "T1297375", "{8CD88748-C526-4981-9E12-AFAA7B788F33}"
EndProject
Project("{FAE04EC0-301F-11D3-BF4B-00C04F79EFBC}") = "T1297375.WinForms", "src\24.2\T1297375\T1297375.WinForms\T1297375.WinForms.csproj", "{BB4AF558-937B-4077-848E-5055C0887AC0}"
EndProject
Project("{2150E333-8FDC-42A3-9474-1A3956D46DE8}") = "RibbonForm", "RibbonForm", "{CC6F8F5B-AFCB-4273-BDAD-FC97AA1738C6}"
EndProject
Project("{FAE04EC0-301F-11D3-BF4B-00C04F79EFBC}") = "RibbonForm.WinForms", "src\RibbonForm\RibbonForm.WinForms\RibbonForm.WinForms.csproj", "{F8F6D236-B81F-423D-BFB5-3FF8864D759E}"
EndProject
Project("{2150E333-8FDC-42A3-9474-1A3956D46DE8}") = "FW", "FW", "{3B2A3594-F887-47FA-9AD3-8D65C83147C6}"
EndProject
Project("{2150E333-8FDC-42A3-9474-1A3956D46DE8}") = "Random", "Random", "{874426EC-87EB-47B1-B808-91505F2183E6}"
EndProject
Project("{FAE04EC0-301F-11D3-BF4B-00C04F79EFBC}") = "FW.Random.WinFromsFW", "src\FW\Random\FW.Random.WinFromsFW\FW.Random.WinFromsFW.csproj", "{685DF543-58FA-4106-B8C6-29898A319F04}"
EndProject
Project("{2150E333-8FDC-42A3-9474-1A3956D46DE8}") = "RibbonForm", "RibbonForm", "{D178C0B1-2B1C-460E-A08A-D1FF3A86B8DB}"
EndProject
Project("{FAE04EC0-301F-11D3-BF4B-00C04F79EFBC}") = "FW.RibbonForm.WinFormsFW", "src\FW\RibbonForm\FW.RibbonForm.WinFormsFW\FW.RibbonForm.WinFormsFW.csproj", "{27D6E215-9658-4965-92E0-32C16216D97E}"
EndProject
Project("{2150E333-8FDC-42A3-9474-1A3956D46DE8}") = "Grantt", "Grantt", "{83396E63-E93D-4AC1-8891-2DCAE3D92096}"
EndProject
Project("{FAE04EC0-301F-11D3-BF4B-00C04F79EFBC}") = "Grantt", "src\FW\Grantt\Grantt\Grantt.csproj", "{7AA9F453-F00E-4D93-9629-2E43AE28BE21}"
EndProject
Project("{2150E333-8FDC-42A3-9474-1A3956D46DE8}") = "Charts", "Charts", "{B27B7D7B-6A1E-414D-8D00-2AA061D35CB2}"
EndProject
Project("{FAE04EC0-301F-11D3-BF4B-00C04F79EFBC}") = "FW.Charts.WinFormsFW", "src\FW\Charts\FW.Charts.WinFormsFW\FW.Charts.WinFormsFW.csproj", "{72DE9637-E5AB-43FF-BDD5-FA70521EF873}"
EndProject
Project("{2150E333-8FDC-42A3-9474-1A3956D46DE8}") = "Ai", "Ai", "{751855CC-71D6-4DA0-AA3E-BF38ED4101D9}"
EndProject
Project("{FAE04EC0-301F-11D3-BF4B-00C04F79EFBC}") = "Ai.ExpressionEditors", "src\Ai\Ai.ExpressionEditors\Ai.ExpressionEditors.csproj", "{EF78E6B1-5CC4-4F03-97F7-EBDF89865442}"
EndProject
Project("{FAE04EC0-301F-11D3-BF4B-00C04F79EFBC}") = "ChartsDashboard.WinForms", "src\Charts\ChartsDashboard.WinForms\ChartsDashboard.WinForms.csproj", "{B0192C1B-B01C-4E04-848A-1B854949803E}"
EndProject
Project("{2150E333-8FDC-42A3-9474-1A3956D46DE8}") = "DocumentManager", "DocumentManager", "{C1E59650-43CD-481D-BE7D-1DA1BDEAE866}"
EndProject
Project("{FAE04EC0-301F-11D3-BF4B-00C04F79EFBC}") = "DocumentManger.WinForms", "src\DocumentManager\DocumentManger.WinForms\DocumentManger.WinForms.csproj", "{77D5E2C5-9AD6-40A1-ADEA-B0A7BFDC94E3}"
EndProject
Project("{2150E333-8FDC-42A3-9474-1A3956D46DE8}") = "DocumentManager", "DocumentManager", "{62A1B0C4-C53B-4968-85BF-B711C970098C}"
EndProject
Project("{FAE04EC0-301F-11D3-BF4B-00C04F79EFBC}") = "Benchmarks", "src\Benchmarks\Benchmarks.csproj", "{EEA4DFC8-2B99-4471-ADBC-AB125958C65A}"
EndProject
Global
	GlobalSection(SolutionConfigurationPlatforms) = preSolution
		Debug|Any CPU = Debug|Any CPU
		Release|Any CPU = Release|Any CPU
	EndGlobalSection
	GlobalSection(ProjectConfigurationPlatforms) = postSolution
		{A89BF70D-18FA-4E47-9DE3-53F8E84D3C1D}.Debug|Any CPU.ActiveCfg = Debug|Any CPU
		{A89BF70D-18FA-4E47-9DE3-53F8E84D3C1D}.Debug|Any CPU.Build.0 = Debug|Any CPU
		{A89BF70D-18FA-4E47-9DE3-53F8E84D3C1D}.Release|Any CPU.ActiveCfg = Release|Any CPU
		{A89BF70D-18FA-4E47-9DE3-53F8E84D3C1D}.Release|Any CPU.Build.0 = Release|Any CPU
		{4A1135EF-4B6B-45A0-B8C9-9D486F86BD12}.Debug|Any CPU.ActiveCfg = Debug|Any CPU
		{4A1135EF-4B6B-45A0-B8C9-9D486F86BD12}.Debug|Any CPU.Build.0 = Debug|Any CPU
		{4A1135EF-4B6B-45A0-B8C9-9D486F86BD12}.Release|Any CPU.ActiveCfg = Release|Any CPU
		{4A1135EF-4B6B-45A0-B8C9-9D486F86BD12}.Release|Any CPU.Build.0 = Release|Any CPU
		{732707D4-705D-4407-BE25-D5D65CC4E353}.Debug|Any CPU.ActiveCfg = Debug|Any CPU
		{732707D4-705D-4407-BE25-D5D65CC4E353}.Debug|Any CPU.Build.0 = Debug|Any CPU
		{732707D4-705D-4407-BE25-D5D65CC4E353}.Release|Any CPU.ActiveCfg = Release|Any CPU
		{732707D4-705D-4407-BE25-D5D65CC4E353}.Release|Any CPU.Build.0 = Release|Any CPU
		{F3D57754-1750-4FF7-A1BF-3CAB71233A02}.Debug|Any CPU.ActiveCfg = Debug|Any CPU
		{F3D57754-1750-4FF7-A1BF-3CAB71233A02}.Debug|Any CPU.Build.0 = Debug|Any CPU
		{F3D57754-1750-4FF7-A1BF-3CAB71233A02}.Release|Any CPU.ActiveCfg = Release|Any CPU
		{F3D57754-1750-4FF7-A1BF-3CAB71233A02}.Release|Any CPU.Build.0 = Release|Any CPU
		{A44C5D70-5B0E-4BA2-8082-AC837926BC53}.Debug|Any CPU.ActiveCfg = Debug|Any CPU
		{A44C5D70-5B0E-4BA2-8082-AC837926BC53}.Debug|Any CPU.Build.0 = Debug|Any CPU
		{A44C5D70-5B0E-4BA2-8082-AC837926BC53}.Release|Any CPU.ActiveCfg = Release|Any CPU
		{A44C5D70-5B0E-4BA2-8082-AC837926BC53}.Release|Any CPU.Build.0 = Release|Any CPU
		{5667F205-7B4D-477C-AD20-45D8A0DAD5C1}.Debug|Any CPU.ActiveCfg = Debug|Any CPU
		{5667F205-7B4D-477C-AD20-45D8A0DAD5C1}.Debug|Any CPU.Build.0 = Debug|Any CPU
		{5667F205-7B4D-477C-AD20-45D8A0DAD5C1}.Release|Any CPU.ActiveCfg = Release|Any CPU
		{5667F205-7B4D-477C-AD20-45D8A0DAD5C1}.Release|Any CPU.Build.0 = Release|Any CPU
		{BBFD2932-52E7-4DE5-99BB-21E485C3D792}.Debug|Any CPU.ActiveCfg = Debug|Any CPU
		{BBFD2932-52E7-4DE5-99BB-21E485C3D792}.Debug|Any CPU.Build.0 = Debug|Any CPU
		{BBFD2932-52E7-4DE5-99BB-21E485C3D792}.Release|Any CPU.ActiveCfg = Release|Any CPU
		{BBFD2932-52E7-4DE5-99BB-21E485C3D792}.Release|Any CPU.Build.0 = Release|Any CPU
		{18CD8354-55CC-4596-9263-70B520FE64F9}.Debug|Any CPU.ActiveCfg = Debug|Any CPU
		{18CD8354-55CC-4596-9263-70B520FE64F9}.Debug|Any CPU.Build.0 = Debug|Any CPU
		{18CD8354-55CC-4596-9263-70B520FE64F9}.Release|Any CPU.ActiveCfg = Release|Any CPU
		{18CD8354-55CC-4596-9263-70B520FE64F9}.Release|Any CPU.Build.0 = Release|Any CPU
		{6DE14CE0-73E9-47A9-8029-0404AB5C3A3A}.Debug|Any CPU.ActiveCfg = Debug|Any CPU
		{6DE14CE0-73E9-47A9-8029-0404AB5C3A3A}.Debug|Any CPU.Build.0 = Debug|Any CPU
		{6DE14CE0-73E9-47A9-8029-0404AB5C3A3A}.Release|Any CPU.ActiveCfg = Release|Any CPU
		{6DE14CE0-73E9-47A9-8029-0404AB5C3A3A}.Release|Any CPU.Build.0 = Release|Any CPU
		{B2223EA9-26FB-4B3A-84B0-6E3F7D3D4AC1}.Debug|Any CPU.ActiveCfg = Debug|Any CPU
		{B2223EA9-26FB-4B3A-84B0-6E3F7D3D4AC1}.Debug|Any CPU.Build.0 = Debug|Any CPU
		{B2223EA9-26FB-4B3A-84B0-6E3F7D3D4AC1}.Release|Any CPU.ActiveCfg = Release|Any CPU
		{B2223EA9-26FB-4B3A-84B0-6E3F7D3D4AC1}.Release|Any CPU.Build.0 = Release|Any CPU
		{F614E22B-E476-4E1F-80FF-CA714F61FDBA}.Debug|Any CPU.ActiveCfg = Debug|Any CPU
		{F614E22B-E476-4E1F-80FF-CA714F61FDBA}.Debug|Any CPU.Build.0 = Debug|Any CPU
		{F614E22B-E476-4E1F-80FF-CA714F61FDBA}.Release|Any CPU.ActiveCfg = Release|Any CPU
		{F614E22B-E476-4E1F-80FF-CA714F61FDBA}.Release|Any CPU.Build.0 = Release|Any CPU
		{CCC32406-F488-4E3A-9B50-189DE10CF078}.Debug|Any CPU.ActiveCfg = Debug|Any CPU
		{CCC32406-F488-4E3A-9B50-189DE10CF078}.Debug|Any CPU.Build.0 = Debug|Any CPU
		{CCC32406-F488-4E3A-9B50-189DE10CF078}.Release|Any CPU.ActiveCfg = Release|Any CPU
		{CCC32406-F488-4E3A-9B50-189DE10CF078}.Release|Any CPU.Build.0 = Release|Any CPU
		{8AD5A59E-C6F2-4D01-BD08-F83F7467A2F0}.Debug|Any CPU.ActiveCfg = Debug|Any CPU
		{8AD5A59E-C6F2-4D01-BD08-F83F7467A2F0}.Debug|Any CPU.Build.0 = Debug|Any CPU
		{8AD5A59E-C6F2-4D01-BD08-F83F7467A2F0}.Release|Any CPU.ActiveCfg = Release|Any CPU
		{8AD5A59E-C6F2-4D01-BD08-F83F7467A2F0}.Release|Any CPU.Build.0 = Release|Any CPU
		{46F15745-DE7D-43A5-98FA-0AF736DB97BA}.Debug|Any CPU.ActiveCfg = Debug|Any CPU
		{46F15745-DE7D-43A5-98FA-0AF736DB97BA}.Debug|Any CPU.Build.0 = Debug|Any CPU
		{46F15745-DE7D-43A5-98FA-0AF736DB97BA}.Release|Any CPU.ActiveCfg = Release|Any CPU
		{46F15745-DE7D-43A5-98FA-0AF736DB97BA}.Release|Any CPU.Build.0 = Release|Any CPU
		{82EBA65E-77EB-4A0E-9EDC-5C1D66D3EC2E}.Debug|Any CPU.ActiveCfg = Debug|Any CPU
		{82EBA65E-77EB-4A0E-9EDC-5C1D66D3EC2E}.Debug|Any CPU.Build.0 = Debug|Any CPU
		{82EBA65E-77EB-4A0E-9EDC-5C1D66D3EC2E}.Release|Any CPU.ActiveCfg = Release|Any CPU
		{82EBA65E-77EB-4A0E-9EDC-5C1D66D3EC2E}.Release|Any CPU.Build.0 = Release|Any CPU
		{BE3DE744-8A6E-4502-A199-088CBA6442D9}.Debug|Any CPU.ActiveCfg = Debug|Any CPU
		{BE3DE744-8A6E-4502-A199-088CBA6442D9}.Debug|Any CPU.Build.0 = Debug|Any CPU
		{BE3DE744-8A6E-4502-A199-088CBA6442D9}.Release|Any CPU.ActiveCfg = Release|Any CPU
		{BE3DE744-8A6E-4502-A199-088CBA6442D9}.Release|Any CPU.Build.0 = Release|Any CPU
		{1630DBF8-C8EA-45AD-9F77-8FD029394469}.Debug|Any CPU.ActiveCfg = Debug|Any CPU
		{1630DBF8-C8EA-45AD-9F77-8FD029394469}.Debug|Any CPU.Build.0 = Debug|Any CPU
		{1630DBF8-C8EA-45AD-9F77-8FD029394469}.Release|Any CPU.ActiveCfg = Release|Any CPU
		{1630DBF8-C8EA-45AD-9F77-8FD029394469}.Release|Any CPU.Build.0 = Release|Any CPU
		{BB4AF558-937B-4077-848E-5055C0887AC0}.Debug|Any CPU.ActiveCfg = Debug|Any CPU
		{BB4AF558-937B-4077-848E-5055C0887AC0}.Debug|Any CPU.Build.0 = Debug|Any CPU
		{BB4AF558-937B-4077-848E-5055C0887AC0}.Release|Any CPU.ActiveCfg = Release|Any CPU
		{BB4AF558-937B-4077-848E-5055C0887AC0}.Release|Any CPU.Build.0 = Release|Any CPU
		{F8F6D236-B81F-423D-BFB5-3FF8864D759E}.Debug|Any CPU.ActiveCfg = Debug|Any CPU
		{F8F6D236-B81F-423D-BFB5-3FF8864D759E}.Debug|Any CPU.Build.0 = Debug|Any CPU
		{F8F6D236-B81F-423D-BFB5-3FF8864D759E}.Release|Any CPU.ActiveCfg = Release|Any CPU
		{F8F6D236-B81F-423D-BFB5-3FF8864D759E}.Release|Any CPU.Build.0 = Release|Any CPU
		{685DF543-58FA-4106-B8C6-29898A319F04}.Debug|Any CPU.ActiveCfg = Debug|Any CPU
		{685DF543-58FA-4106-B8C6-29898A319F04}.Debug|Any CPU.Build.0 = Debug|Any CPU
		{685DF543-58FA-4106-B8C6-29898A319F04}.Release|Any CPU.ActiveCfg = Release|Any CPU
		{685DF543-58FA-4106-B8C6-29898A319F04}.Release|Any CPU.Build.0 = Release|Any CPU
		{27D6E215-9658-4965-92E0-32C16216D97E}.Debug|Any CPU.ActiveCfg = Debug|Any CPU
		{27D6E215-9658-4965-92E0-32C16216D97E}.Debug|Any CPU.Build.0 = Debug|Any CPU
		{27D6E215-9658-4965-92E0-32C16216D97E}.Release|Any CPU.ActiveCfg = Release|Any CPU
		{27D6E215-9658-4965-92E0-32C16216D97E}.Release|Any CPU.Build.0 = Release|Any CPU
		{7AA9F453-F00E-4D93-9629-2E43AE28BE21}.Debug|Any CPU.ActiveCfg = Debug|Any CPU
		{7AA9F453-F00E-4D93-9629-2E43AE28BE21}.Debug|Any CPU.Build.0 = Debug|Any CPU
		{7AA9F453-F00E-4D93-9629-2E43AE28BE21}.Release|Any CPU.ActiveCfg = Release|Any CPU
		{7AA9F453-F00E-4D93-9629-2E43AE28BE21}.Release|Any CPU.Build.0 = Release|Any CPU
		{72DE9637-E5AB-43FF-BDD5-FA70521EF873}.Debug|Any CPU.ActiveCfg = Debug|Any CPU
		{72DE9637-E5AB-43FF-BDD5-FA70521EF873}.Debug|Any CPU.Build.0 = Debug|Any CPU
		{72DE9637-E5AB-43FF-BDD5-FA70521EF873}.Release|Any CPU.ActiveCfg = Release|Any CPU
		{72DE9637-E5AB-43FF-BDD5-FA70521EF873}.Release|Any CPU.Build.0 = Release|Any CPU
		{EF78E6B1-5CC4-4F03-97F7-EBDF89865442}.Debug|Any CPU.ActiveCfg = Debug|Any CPU
		{EF78E6B1-5CC4-4F03-97F7-EBDF89865442}.Debug|Any CPU.Build.0 = Debug|Any CPU
		{EF78E6B1-5CC4-4F03-97F7-EBDF89865442}.Release|Any CPU.ActiveCfg = Release|Any CPU
		{EF78E6B1-5CC4-4F03-97F7-EBDF89865442}.Release|Any CPU.Build.0 = Release|Any CPU
		{B0192C1B-B01C-4E04-848A-1B854949803E}.Debug|Any CPU.ActiveCfg = Debug|Any CPU
		{B0192C1B-B01C-4E04-848A-1B854949803E}.Debug|Any CPU.Build.0 = Debug|Any CPU
		{B0192C1B-B01C-4E04-848A-1B854949803E}.Release|Any CPU.ActiveCfg = Release|Any CPU
		{B0192C1B-B01C-4E04-848A-1B854949803E}.Release|Any CPU.Build.0 = Release|Any CPU
		{77D5E2C5-9AD6-40A1-ADEA-B0A7BFDC94E3}.Debug|Any CPU.ActiveCfg = Debug|Any CPU
		{77D5E2C5-9AD6-40A1-ADEA-B0A7BFDC94E3}.Debug|Any CPU.Build.0 = Debug|Any CPU
		{77D5E2C5-9AD6-40A1-ADEA-B0A7BFDC94E3}.Release|Any CPU.ActiveCfg = Release|Any CPU
		{77D5E2C5-9AD6-40A1-ADEA-B0A7BFDC94E3}.Release|Any CPU.Build.0 = Release|Any CPU
		{EEA4DFC8-2B99-4471-ADBC-AB125958C65A}.Debug|Any CPU.ActiveCfg = Debug|Any CPU
		{EEA4DFC8-2B99-4471-ADBC-AB125958C65A}.Debug|Any CPU.Build.0 = Debug|Any CPU
		{EEA4DFC8-2B99-4471-ADBC-AB125958C65A}.Release|Any CPU.ActiveCfg = Release|Any CPU
		{EEA4DFC8-2B99-4471-ADBC-AB125958C65A}.Release|Any CPU.Build.0 = Release|Any CPU
	EndGlobalSection
	GlobalSection(SolutionProperties) = preSolution
		HideSolutionNode = FALSE
	EndGlobalSection
	GlobalSection(NestedProjects) = preSolution
		{A89BF70D-18FA-4E47-9DE3-53F8E84D3C1D} = {02EA681E-C7D8-13C7-8484-4AC65E1B71E8}
		{4A1135EF-4B6B-45A0-B8C9-9D486F86BD12} = {0E550E2F-27F1-4F2D-A50E-809DBF3C903E}
		{5667F205-7B4D-477C-AD20-45D8A0DAD5C1} = {114D8EFB-AA04-4353-93A2-45FF3608B046}
		{BBFD2932-52E7-4DE5-99BB-21E485C3D792} = {114D8EFB-AA04-4353-93A2-45FF3608B046}
		{18CD8354-55CC-4596-9263-70B520FE64F9} = {D61BDA21-0DF4-42B4-B647-B11605EAD8C2}
		{F709B375-2FDB-4CA2-93A5-F589CE1441BA} = {149001AE-8AD2-49F8-83D8-6793B2482F7E}
		{6DE14CE0-73E9-47A9-8029-0404AB5C3A3A} = {F709B375-2FDB-4CA2-93A5-F589CE1441BA}
		{B2223EA9-26FB-4B3A-84B0-6E3F7D3D4AC1} = {82A738CD-ABDA-460F-B36A-F66F3877F601}
		{F614E22B-E476-4E1F-80FF-CA714F61FDBA} = {08499896-2FA3-48A8-A6B8-0862FE53348F}
		{CCC32406-F488-4E3A-9B50-189DE10CF078} = {B2D5A5E0-09BA-40BB-9618-6721B6E8D19A}
		{27799905-D4F4-4C7D-8358-EB382E583C71} = {2B3199C5-9279-482B-B6D0-82DC061CFBC9}
		{8AD5A59E-C6F2-4D01-BD08-F83F7467A2F0} = {27799905-D4F4-4C7D-8358-EB382E583C71}
		{EA6E5051-7A62-4DE0-AF90-B16A000A3350} = {2B3199C5-9279-482B-B6D0-82DC061CFBC9}
		{82EBA65E-77EB-4A0E-9EDC-5C1D66D3EC2E} = {EA6E5051-7A62-4DE0-AF90-B16A000A3350}
		{5F69666E-3441-46A6-B6C7-C5E271E403AA} = {2B3199C5-9279-482B-B6D0-82DC061CFBC9}
		{BE3DE744-8A6E-4502-A199-088CBA6442D9} = {5F69666E-3441-46A6-B6C7-C5E271E403AA}
		{1630DBF8-C8EA-45AD-9F77-8FD029394469} = {5F69666E-3441-46A6-B6C7-C5E271E403AA}
		{8CD88748-C526-4981-9E12-AFAA7B788F33} = {149001AE-8AD2-49F8-83D8-6793B2482F7E}
		{BB4AF558-937B-4077-848E-5055C0887AC0} = {8CD88748-C526-4981-9E12-AFAA7B788F33}
		{F8F6D236-B81F-423D-BFB5-3FF8864D759E} = {CC6F8F5B-AFCB-4273-BDAD-FC97AA1738C6}
		{874426EC-87EB-47B1-B808-91505F2183E6} = {3B2A3594-F887-47FA-9AD3-8D65C83147C6}
		{685DF543-58FA-4106-B8C6-29898A319F04} = {874426EC-87EB-47B1-B808-91505F2183E6}
		{D178C0B1-2B1C-460E-A08A-D1FF3A86B8DB} = {3B2A3594-F887-47FA-9AD3-8D65C83147C6}
		{27D6E215-9658-4965-92E0-32C16216D97E} = {D178C0B1-2B1C-460E-A08A-D1FF3A86B8DB}
		{83396E63-E93D-4AC1-8891-2DCAE3D92096} = {3B2A3594-F887-47FA-9AD3-8D65C83147C6}
		{7AA9F453-F00E-4D93-9629-2E43AE28BE21} = {83396E63-E93D-4AC1-8891-2DCAE3D92096}
		{B27B7D7B-6A1E-414D-8D00-2AA061D35CB2} = {3B2A3594-F887-47FA-9AD3-8D65C83147C6}
		{72DE9637-E5AB-43FF-BDD5-FA70521EF873} = {B27B7D7B-6A1E-414D-8D00-2AA061D35CB2}
		{EF78E6B1-5CC4-4F03-97F7-EBDF89865442} = {751855CC-71D6-4DA0-AA3E-BF38ED4101D9}
		{B0192C1B-B01C-4E04-848A-1B854949803E} = {08499896-2FA3-48A8-A6B8-0862FE53348F}
		{77D5E2C5-9AD6-40A1-ADEA-B0A7BFDC94E3} = {C1E59650-43CD-481D-BE7D-1DA1BDEAE866}
		{62A1B0C4-C53B-4968-85BF-B711C970098C} = {3B2A3594-F887-47FA-9AD3-8D65C83147C6}
	EndGlobalSection
	GlobalSection(ExtensibilityGlobals) = postSolution
		SolutionGuid = {A90437B2-8291-4D4D-A10E-41C0BC349D6D}
	EndGlobalSection
EndGlobal
